
Microsoft Visual Studio Solution File, Format Version 12.00
# Visual Studio Version 17
VisualStudioVersion = 17.1.31903.286
MinimumVisualStudioVersion = 10.0.40219.1
Project("{8BC9CEB8-8B4A-11D0-8D11-00A0C91BC942}") = "实验1-顺序表", "实验1-顺序表\实验1-顺序表.vcxproj", "{66235EEB-E2EB-4EE5-8735-9CC1DED3929B}"
EndProject
Project("{8BC9CEB8-8B4A-11D0-8D11-00A0C91BC942}") = "实验1-单链表", "实验1-单链表\实验1-单链表.vcxproj", "{AC12C2BE-8440-45E7-A310-A36B8DEE379D}"
EndProject
Project("{8BC9CEB8-8B4A-11D0-8D11-00A0C91BC942}") = "期中考试", "期中考试\期中考试.vcxproj", "{9C8AE1B9-CEB3-43F6-ACB2-FD5C835E79B5}"
EndProject
Project("{8BC9CEB8-8B4A-11D0-8D11-00A0C91BC942}") = "实验2-二叉树", "实验2-二叉树\实验2-二叉树.vcxproj", "{5F84E744-88A8-45DA-9998-4FCED3B32F71}"
EndProject
Project("{8BC9CEB8-8B4A-11D0-8D11-00A0C91BC942}") = "实验3-无向网图", "实验3-无向网图\实验3-无向网图.vcxproj", "{D46D9998-C1B4-4909-B45E-62B8CE2DCDEB}"
EndProject
Project("{8BC9CEB8-8B4A-11D0-8D11-00A0C91BC942}") = "Project1", "Project1\Project1.vcxproj", "{43DD46FB-CB40-42CB-9F5C-9D9ABAA42B85}"
EndProject
Global
	GlobalSection(SolutionConfigurationPlatforms) = preSolution
		Debug|Any CPU = Debug|Any CPU
		Debug|x64 = Debug|x64
		Debug|x86 = Debug|x86
		Release|Any CPU = Release|Any CPU
		Release|x64 = Release|x64
		Release|x86 = Release|x86
	EndGlobalSection
	GlobalSection(ProjectConfigurationPlatforms) = postSolution
		{66235EEB-E2EB-4EE5-8735-9CC1DED3929B}.Debug|Any CPU.ActiveCfg = Debug|x64
		{66235EEB-E2EB-4EE5-8735-9CC1DED3929B}.Debug|Any CPU.Build.0 = Debug|x64
		{66235EEB-E2EB-4EE5-8735-9CC1DED3929B}.Debug|x64.ActiveCfg = Debug|x64
		{66235EEB-E2EB-4EE5-8735-9CC1DED3929B}.Debug|x64.Build.0 = Debug|x64
		{66235EEB-E2EB-4EE5-8735-9CC1DED3929B}.Debug|x86.ActiveCfg = Debug|Win32
		{66235EEB-E2EB-4EE5-8735-9CC1DED3929B}.Debug|x86.Build.0 = Debug|Win32
		{66235EEB-E2EB-4EE5-8735-9CC1DED3929B}.Release|Any CPU.ActiveCfg = Release|x64
		{66235EEB-E2EB-4EE5-8735-9CC1DED3929B}.Release|Any CPU.Build.0 = Release|x64
		{66235EEB-E2EB-4EE5-8735-9CC1DED3929B}.Release|x64.ActiveCfg = Release|x64
		{66235EEB-E2EB-4EE5-8735-9CC1DED3929B}.Release|x64.Build.0 = Release|x64
		{66235EEB-E2EB-4EE5-8735-9CC1DED3929B}.Release|x86.ActiveCfg = Release|Win32
		{66235EEB-E2EB-4EE5-8735-9CC1DED3929B}.Release|x86.Build.0 = Release|Win32
		{AC12C2BE-8440-45E7-A310-A36B8DEE379D}.Debug|Any CPU.ActiveCfg = Debug|x64
		{AC12C2BE-8440-45E7-A310-A36B8DEE379D}.Debug|Any CPU.Build.0 = Debug|x64
		{AC12C2BE-8440-45E7-A310-A36B8DEE379D}.Debug|x64.ActiveCfg = Debug|x64
		{AC12C2BE-8440-45E7-A310-A36B8DEE379D}.Debug|x64.Build.0 = Debug|x64
		{AC12C2BE-8440-45E7-A310-A36B8DEE379D}.Debug|x86.ActiveCfg = Debug|Win32
		{AC12C2BE-8440-45E7-A310-A36B8DEE379D}.Debug|x86.Build.0 = Debug|Win32
		{AC12C2BE-8440-45E7-A310-A36B8DEE379D}.Release|Any CPU.ActiveCfg = Release|x64
		{AC12C2BE-8440-45E7-A310-A36B8DEE379D}.Release|Any CPU.Build.0 = Release|x64
		{AC12C2BE-8440-45E7-A310-A36B8DEE379D}.Release|x64.ActiveCfg = Release|x64
		{AC12C2BE-8440-45E7-A310-A36B8DEE379D}.Release|x64.Build.0 = Release|x64
		{AC12C2BE-8440-45E7-A310-A36B8DEE379D}.Release|x86.ActiveCfg = Release|Win32
		{AC12C2BE-8440-45E7-A310-A36B8DEE379D}.Release|x86.Build.0 = Release|Win32
		{9C8AE1B9-CEB3-43F6-ACB2-FD5C835E79B5}.Debug|Any CPU.ActiveCfg = Debug|x64
		{9C8AE1B9-CEB3-43F6-ACB2-FD5C835E79B5}.Debug|Any CPU.Build.0 = Debug|x64
		{9C8AE1B9-CEB3-43F6-ACB2-FD5C835E79B5}.Debug|x64.ActiveCfg = Debug|x64
		{9C8AE1B9-CEB3-43F6-ACB2-FD5C835E79B5}.Debug|x64.Build.0 = Debug|x64
		{9C8AE1B9-CEB3-43F6-ACB2-FD5C835E79B5}.Debug|x86.ActiveCfg = Debug|Win32
		{9C8AE1B9-CEB3-43F6-ACB2-FD5C835E79B5}.Debug|x86.Build.0 = Debug|Win32
		{9C8AE1B9-CEB3-43F6-ACB2-FD5C835E79B5}.Release|Any CPU.ActiveCfg = Release|x64
		{9C8AE1B9-CEB3-43F6-ACB2-FD5C835E79B5}.Release|Any CPU.Build.0 = Release|x64
		{9C8AE1B9-CEB3-43F6-ACB2-FD5C835E79B5}.Release|x64.ActiveCfg = Release|x64
		{9C8AE1B9-CEB3-43F6-ACB2-FD5C835E79B5}.Release|x64.Build.0 = Release|x64
		{9C8AE1B9-CEB3-43F6-ACB2-FD5C835E79B5}.Release|x86.ActiveCfg = Release|Win32
		{9C8AE1B9-CEB3-43F6-ACB2-FD5C835E79B5}.Release|x86.Build.0 = Release|Win32
		{5F84E744-88A8-45DA-9998-4FCED3B32F71}.Debug|Any CPU.ActiveCfg = Debug|x64
		{5F84E744-88A8-45DA-9998-4FCED3B32F71}.Debug|Any CPU.Build.0 = Debug|x64
		{5F84E744-88A8-45DA-9998-4FCED3B32F71}.Debug|x64.ActiveCfg = Debug|x64
		{5F84E744-88A8-45DA-9998-4FCED3B32F71}.Debug|x64.Build.0 = Debug|x64
		{5F84E744-88A8-45DA-9998-4FCED3B32F71}.Debug|x86.ActiveCfg = Debug|Win32
		{5F84E744-88A8-45DA-9998-4FCED3B32F71}.Debug|x86.Build.0 = Debug|Win32
		{5F84E744-88A8-45DA-9998-4FCED3B32F71}.Release|Any CPU.ActiveCfg = Release|x64
		{5F84E744-88A8-45DA-9998-4FCED3B32F71}.Release|Any CPU.Build.0 = Release|x64
		{5F84E744-88A8-45DA-9998-4FCED3B32F71}.Release|x64.ActiveCfg = Release|x64
		{5F84E744-88A8-45DA-9998-4FCED3B32F71}.Release|x64.Build.0 = Release|x64
		{5F84E744-88A8-45DA-9998-4FCED3B32F71}.Release|x86.ActiveCfg = Release|Win32
		{5F84E744-88A8-45DA-9998-4FCED3B32F71}.Release|x86.Build.0 = Release|Win32
		{D46D9998-C1B4-4909-B45E-62B8CE2DCDEB}.Debug|Any CPU.ActiveCfg = Debug|x64
		{D46D9998-C1B4-4909-B45E-62B8CE2DCDEB}.Debug|Any CPU.Build.0 = Debug|x64
		{D46D9998-C1B4-4909-B45E-62B8CE2DCDEB}.Debug|x64.ActiveCfg = Debug|x64
		{D46D9998-C1B4-4909-B45E-62B8CE2DCDEB}.Debug|x64.Build.0 = Debug|x64
		{D46D9998-C1B4-4909-B45E-62B8CE2DCDEB}.Debug|x86.ActiveCfg = Debug|Win32
		{D46D9998-C1B4-4909-B45E-62B8CE2DCDEB}.Debug|x86.Build.0 = Debug|Win32
		{D46D9998-C1B4-4909-B45E-62B8CE2DCDEB}.Release|Any CPU.ActiveCfg = Release|x64
		{D46D9998-C1B4-4909-B45E-62B8CE2DCDEB}.Release|Any CPU.Build.0 = Release|x64
		{D46D9998-C1B4-4909-B45E-62B8CE2DCDEB}.Release|x64.ActiveCfg = Release|x64
		{D46D9998-C1B4-4909-B45E-62B8CE2DCDEB}.Release|x64.Build.0 = Release|x64
		{D46D9998-C1B4-4909-B45E-62B8CE2DCDEB}.Release|x86.ActiveCfg = Release|Win32
		{D46D9998-C1B4-4909-B45E-62B8CE2DCDEB}.Release|x86.Build.0 = Release|Win32
		{43DD46FB-CB40-42CB-9F5C-9D9ABAA42B85}.Debug|Any CPU.ActiveCfg = Debug|x64
		{43DD46FB-CB40-42CB-9F5C-9D9ABAA42B85}.Debug|Any CPU.Build.0 = Debug|x64
		{43DD46FB-CB40-42CB-9F5C-9D9ABAA42B85}.Debug|x64.ActiveCfg = Debug|x64
		{43DD46FB-CB40-42CB-9F5C-9D9ABAA42B85}.Debug|x64.Build.0 = Debug|x64
		{43DD46FB-CB40-42CB-9F5C-9D9ABAA42B85}.Debug|x86.ActiveCfg = Debug|Win32
		{43DD46FB-CB40-42CB-9F5C-9D9ABAA42B85}.Debug|x86.Build.0 = Debug|Win32
		{43DD46FB-CB40-42CB-9F5C-9D9ABAA42B85}.Release|Any CPU.ActiveCfg = Release|x64
		{43DD46FB-CB40-42CB-9F5C-9D9ABAA42B85}.Release|Any CPU.Build.0 = Release|x64
		{43DD46FB-CB40-42CB-9F5C-9D9ABAA42B85}.Release|x64.ActiveCfg = Release|x64
		{43DD46FB-CB40-42CB-9F5C-9D9ABAA42B85}.Release|x64.Build.0 = Release|x64
		{43DD46FB-CB40-42CB-9F5C-9D9ABAA42B85}.Release|x86.ActiveCfg = Release|Win32
		{43DD46FB-CB40-42CB-9F5C-9D9ABAA42B85}.Release|x86.Build.0 = Release|Win32
	EndGlobalSection
	GlobalSection(SolutionProperties) = preSolution
		HideSolutionNode = FALSE
	EndGlobalSection
	GlobalSection(ExtensibilityGlobals) = postSolution
		SolutionGuid = {C1A9A1F3-95DC-40B6-AAA7-0D09216264A3}
	EndGlobalSection
EndGlobal
